# This file is automatically @generated by Cargo.
# It is not intended for manual editing.
version = 3

[[package]]
name = "domain"
version = "0.1.0"
dependencies = [
 "framework",
 "implementation",
]

[[package]]
name = "framework"
version = "0.1.0"
dependencies = [
 "implementation",
]

[[package]]
name = "implementation"
version = "0.1.3"
source = "registry+https://github.com/rust-lang/crates.io-index"
checksum = "f9cd5b8cf68a1cda2eb0bdd7250e6ffa69edf485dda06dfb5e5a67a556e8db91"

[[package]]
name = "intermediate"
version = "0.1.0"
dependencies = [
 "domain",
 "framework",
 "implementation",
]

[[package]]
name = "rust-dependency-inversion"
version = "0.1.0"
dependencies = [
 "domain",
 "framework",
 "implementation",
 "intermediate",
]
